
Microsoft Visual Studio Solution File, Format Version 12.00
# Visual Studio Version 17
VisualStudioVersion = 17.9.34701.34
MinimumVisualStudioVersion = 10.0.40219.1
Project("{9A19103F-16F7-4668-BE54-9A1E7A4F7556}") = "c#finalproject", "c#finalproject.csproj", "{419E08B5-244B-40FB-887A-81EEF99B86BB}"
EndProject
Global
	GlobalSection(SolutionConfigurationPlatforms) = preSolution
		Debug|Any CPU = Debug|Any CPU
		Release|Any CPU = Release|Any CPU
	EndGlobalSection
	GlobalSection(ProjectConfigurationPlatforms) = postSolution
		{419E08B5-244B-40FB-887A-81EEF99B86BB}.Debug|Any CPU.ActiveCfg = Debug|Any CPU
		{419E08B5-244B-40FB-887A-81EEF99B86BB}.Debug|Any CPU.Build.0 = Debug|Any CPU
		{419E08B5-244B-40FB-887A-81EEF99B86BB}.Release|Any CPU.ActiveCfg = Release|Any CPU
		{419E08B5-244B-40FB-887A-81EEF99B86BB}.Release|Any CPU.Build.0 = Release|Any CPU
	EndGlobalSection
	GlobalSection(SolutionProperties) = preSolution
		HideSolutionNode = FALSE
	EndGlobalSection
	GlobalSection(ExtensibilityGlobals) = postSolution
		SolutionGuid = {F75D34F9-8DB2-4954-97B8-8A17FD6F52CB}
	EndGlobalSection
EndGlobal
